{
  "version": 4,
  "terraform_version": "0.13.5",
  "serial": 40,
  "lineage": "c862564c-0722-8de2-94eb-395562ca7b6a",
  "outputs": {
    "project_id": {
      "value": "development-h6448mfefd4cyxqh",
      "type": "string"
    }
  },
  "resources": [
    {
      "mode": "managed",
      "type": "google_container_cluster",
      "name": "primary",
      "provider": "provider[\"registry.terraform.io/hashicorp/google\"]",
      "instances": [
        {
          "schema_version": 1,
          "attributes": {
            "addons_config": [
              {
                "cloudrun_config": [],
                "horizontal_pod_autoscaling": [],
                "http_load_balancing": [],
                "network_policy_config": [
                  {
                    "disabled": true
                  }
                ]
              }
            ],
            "authenticator_groups_config": [],
            "cluster_autoscaling": [
              {
                "auto_provisioning_defaults": [],
                "enabled": false,
                "resource_limits": []
              }
            ],
            "cluster_ipv4_cidr": "10.0.0.0/14",
            "database_encryption": [
              {
                "key_name": "",
                "state": "DECRYPTED"
              }
            ],
            "default_max_pods_per_node": null,
            "description": "",
            "enable_binary_authorization": false,
            "enable_intranode_visibility": null,
            "enable_kubernetes_alpha": false,
            "enable_legacy_abac": false,
            "enable_shielded_nodes": false,
            "enable_tpu": null,
            "endpoint": "35.199.6.63",
            "id": "projects/development-h6448mfefd4cyxqh/locations/us-east4/clusters/greenlight-development-k8s",
            "initial_node_count": 1,
            "instance_group_urls": [],
            "ip_allocation_policy": [],
            "label_fingerprint": "a9dc16a7",
            "location": "us-east4",
            "logging_service": "logging.googleapis.com/kubernetes",
            "maintenance_policy": [],
            "master_auth": [
              {
                "client_certificate": "",
                "client_certificate_config": [
                  {
                    "issue_client_certificate": false
                  }
                ],
                "client_key": "",
                "cluster_ca_certificate": "LS0tLS1CRUdJTiBDRVJUSUZJQ0FURS0tLS0tCk1JSURLekNDQWhPZ0F3SUJBZ0lSQU54ckd2eDNjNCtsL0ZFR25pQ3BiUll3RFFZSktvWklodmNOQVFFTEJRQXcKTHpFdE1Dc0dBMVVFQXhNa056UXlOamRpTmpVdFpHVTVOQzAwTWpOaExUaGlNekl0WmpVMU9ESXpabU0zT1ROawpNQjRYRFRJd01UQXlOVEU0TkRBd04xb1hEVEkxTVRBeU5ERTVOREF3TjFvd0x6RXRNQ3NHQTFVRUF4TWtOelF5Ck5qZGlOalV0WkdVNU5DMDBNak5oTFRoaU16SXRaalUxT0RJelptTTNPVE5rTUlJQklqQU5CZ2txaGtpRzl3MEIKQVFFRkFBT0NBUThBTUlJQkNnS0NBUUVBazJiY3FVT204UDBScDNBVFNVYjIwM1RuN3NUaHJuWHdCZUpYL2pjdwo5MmdIdDlHYmpYNFgzNWN2TTdBNVJoSzZqQStib0VmcWQ3Y21ZSTFJYitoZWxreFl5d1oyOXJvUkFKYjNINmVhCkZNS1docC9IWTVrS3poVmp2cExYQVFhUjJPdDgzWXBkQWpJOGUzZzVkUVFtc2E4QTJxTUJIWEp0QzQzK0plTmIKUHlrRWVIRVdodnJySVU0TndxTzB0MlNZeUpsaWRaQnV6ZUN4Y3c4RWxMY1hVd0hCNnJFbEM0cXRBUUtQWjdIdworQVVDYzJ5eWNwR00zYmh4d0RVaFVvU2ZGRy9aaGpybm4zdFRFdnBFMU9EVjVGN2hRMzVIT25udi9OLzRoUDVVCnNMT09uNjZtYm9GT3c2eHVyMGg2blB5c0R3TzFtVndLL0puQUZ1RFppa2l5V1FJREFRQUJvMEl3UURBT0JnTlYKSFE4QkFmOEVCQU1DQWdRd0R3WURWUjBUQVFIL0JBVXdBd0VCL3pBZEJnTlZIUTRFRmdRVWJRTFo0Q21kQ2hVMwpzMGZ3by8xNklRc0cwbXN3RFFZSktvWklodmNOQVFFTEJRQURnZ0VCQUVnaDkvWnVrdmpKYzRYcThMRFZCcWZrCkR5eis5d1IyYWlOMTZDZGZqZGlxN2grZmJlekVxN0p5V29teUZpaDVLb1JJUW1PeWVKNzJhR2dndWFKWktFRnoKb0hTNjAzMjl4ak90bkhWNkpoeWFEckVTdC96T2M0anphNy9kdkh6TFlBOGpJWVFmcG5nYWp2dmF3bXJIK0szeAo4cDU2eFZQS3pmbXlabTkwbko1WGtpRE5lYVNNNVI5OFArV3JtMGZscVVJVExWcFFYNWhrS1ZpOVRBSHQ1QUJTCllrcmE3Z0VhVDFTVmFlc3pTU042MWU4aXplY29MeWlnYlNoSjBFVWpEckdXcTJrdXRIL3NQSkpocWNSS0RRZXIKZTF2NndWWCsyeFdoRjJhQmpjUmU1bEtBMjZBNTlWRkVURk9kODVwQ2xKTkt5YlMyZ2dJWjhFOHRHUEp1OEljPQotLS0tLUVORCBDRVJUSUZJQ0FURS0tLS0tCg==",
                "password": "",
                "username": ""
              }
            ],
            "master_authorized_networks_config": [],
            "master_version": "1.17.12-gke.1504",
            "min_master_version": "1.17.12-gke.1504",
            "monitoring_service": "monitoring.googleapis.com/kubernetes",
            "name": "greenlight-development-k8s",
            "network": "projects/development-h6448mfefd4cyxqh/global/networks/default",
            "network_policy": [
              {
                "enabled": false,
                "provider": "PROVIDER_UNSPECIFIED"
              }
            ],
            "node_config": [],
            "node_locations": [
              "us-east4-a",
              "us-east4-b",
              "us-east4-c"
            ],
            "node_pool": [],
            "node_version": "1.17.12-gke.1504",
            "operation": null,
            "pod_security_policy_config": [],
            "private_cluster_config": [],
            "project": "development-h6448mfefd4cyxqh",
            "release_channel": [
              {
                "channel": "UNSPECIFIED"
              }
            ],
            "remove_default_node_pool": true,
            "resource_labels": null,
            "resource_usage_export_config": [],
            "self_link": "https://container.googleapis.com/v1beta1/projects/development-h6448mfefd4cyxqh/locations/us-east4/clusters/greenlight-development-k8s",
            "services_ipv4_cidr": "10.3.240.0/20",
            "subnetwork": "projects/development-h6448mfefd4cyxqh/regions/us-east4/subnetworks/default",
            "timeouts": null,
            "vertical_pod_autoscaling": [],
            "workload_identity_config": []
          },
          "private": "eyJlMmJmYjczMC1lY2FhLTExZTYtOGY4OC0zNDM2M2JjN2M0YzAiOnsiY3JlYXRlIjoyNDAwMDAwMDAwMDAwLCJkZWxldGUiOjI0MDAwMDAwMDAwMDAsInJlYWQiOjI0MDAwMDAwMDAwMDAsInVwZGF0ZSI6MzYwMDAwMDAwMDAwMH0sInNjaGVtYV92ZXJzaW9uIjoiMSJ9",
          "dependencies": [
            "google_project.main",
            "google_project_service.container",
            "random_string.main"
          ]
        }
      ]
    },
    {
      "mode": "managed",
      "type": "google_container_node_pool",
      "name": "primary_nodes",
      "provider": "provider[\"registry.terraform.io/hashicorp/google\"]",
      "instances": [
        {
          "schema_version": 1,
          "attributes": {
            "autoscaling": [
              {
                "max_node_count": 3,
                "min_node_count": 1
              }
            ],
            "cluster": "greenlight-development-k8s",
            "id": "projects/development-h6448mfefd4cyxqh/locations/us-east4/clusters/greenlight-development-k8s/nodePools/greenlight-development-k8s",
            "initial_node_count": 1,
            "instance_group_urls": [
              "https://www.googleapis.com/compute/v1/projects/development-h6448mfefd4cyxqh/zones/us-east4-c/instanceGroupManagers/gke-greenlight-devel-greenlight-devel-96c0b8eb-grp",
              "https://www.googleapis.com/compute/v1/projects/development-h6448mfefd4cyxqh/zones/us-east4-a/instanceGroupManagers/gke-greenlight-devel-greenlight-devel-85f2c80d-grp",
              "https://www.googleapis.com/compute/v1/projects/development-h6448mfefd4cyxqh/zones/us-east4-b/instanceGroupManagers/gke-greenlight-devel-greenlight-devel-58541657-grp"
            ],
            "location": "us-east4",
            "management": [
              {
                "auto_repair": false,
                "auto_upgrade": false
              }
            ],
            "max_pods_per_node": null,
            "name": "greenlight-development-k8s",
            "name_prefix": "",
            "node_config": [
              {
                "disk_size_gb": 100,
                "disk_type": "pd-standard",
                "guest_accelerator": [],
                "image_type": "COS",
                "labels": {},
                "local_ssd_count": 0,
                "machine_type": "e2-standard-2",
                "metadata": {
                  "disable-legacy-endpoints": "true"
                },
                "min_cpu_platform": "",
                "oauth_scopes": [
                  "https://www.googleapis.com/auth/cloud-platform"
                ],
                "preemptible": true,
                "service_account": "default",
                "shielded_instance_config": [
                  {
                    "enable_integrity_monitoring": true,
                    "enable_secure_boot": false
                  }
                ],
                "tags": null,
                "taint": [],
                "workload_metadata_config": []
              }
            ],
            "node_count": 1,
            "node_locations": [
              "us-east4-a",
              "us-east4-b",
              "us-east4-c"
            ],
            "project": "development-h6448mfefd4cyxqh",
            "timeouts": {
              "create": "15m",
              "delete": null,
              "update": "1h"
            },
            "upgrade_settings": [
              {
                "max_surge": 1,
                "max_unavailable": 0
              }
            ],
            "version": "1.17.12-gke.1504"
          },
          "private": "eyJlMmJmYjczMC1lY2FhLTExZTYtOGY4OC0zNDM2M2JjN2M0YzAiOnsiY3JlYXRlIjo5MDAwMDAwMDAwMDAsImRlbGV0ZSI6MTgwMDAwMDAwMDAwMCwidXBkYXRlIjozNjAwMDAwMDAwMDAwfSwic2NoZW1hX3ZlcnNpb24iOiIxIn0=",
          "dependencies": [
            "google_container_cluster.primary",
            "google_project.main",
            "google_project_service.container",
            "random_string.main"
          ]
        }
      ]
    },
    {
      "mode": "managed",
      "type": "google_project",
      "name": "main",
      "provider": "provider[\"registry.terraform.io/hashicorp/google\"]",
      "instances": [
        {
          "schema_version": 1,
          "attributes": {
            "auto_create_network": true,
            "billing_account": "01614C-82BAE7-678369",
            "folder_id": "",
            "id": "projects/development-h6448mfefd4cyxqh",
            "labels": null,
            "name": "greenlight-development",
            "number": "418948049971",
            "org_id": "636256323415",
            "project_id": "development-h6448mfefd4cyxqh",
            "skip_delete": null,
            "timeouts": null
          },
          "private": "eyJlMmJmYjczMC1lY2FhLTExZTYtOGY4OC0zNDM2M2JjN2M0YzAiOnsiY3JlYXRlIjo2MDAwMDAwMDAwMDAsImRlbGV0ZSI6NjAwMDAwMDAwMDAwLCJyZWFkIjo2MDAwMDAwMDAwMDAsInVwZGF0ZSI6NjAwMDAwMDAwMDAwfSwic2NoZW1hX3ZlcnNpb24iOiIxIn0=",
          "dependencies": [
            "random_string.main"
          ]
        }
      ]
    },
    {
      "mode": "managed",
      "type": "google_project_service",
      "name": "container",
      "provider": "provider[\"registry.terraform.io/hashicorp/google\"]",
      "instances": [
        {
          "schema_version": 0,
          "attributes": {
            "disable_dependent_services": null,
            "disable_on_destroy": true,
            "id": "development-h6448mfefd4cyxqh/container.googleapis.com",
            "project": "development-h6448mfefd4cyxqh",
            "service": "container.googleapis.com",
            "timeouts": null
          },
          "private": "eyJlMmJmYjczMC1lY2FhLTExZTYtOGY4OC0zNDM2M2JjN2M0YzAiOnsiY3JlYXRlIjoxMjAwMDAwMDAwMDAwLCJkZWxldGUiOjEyMDAwMDAwMDAwMDAsInJlYWQiOjYwMDAwMDAwMDAwMCwidXBkYXRlIjoxMjAwMDAwMDAwMDAwfX0=",
          "dependencies": [
            "google_project.main",
            "random_string.main"
          ]
        }
      ]
    },
    {
      "mode": "managed",
      "type": "null_resource",
      "name": "destroy-kubeconfig",
      "provider": "provider[\"registry.terraform.io/hashicorp/null\"]",
      "instances": [
        {
          "schema_version": 0,
          "attributes": {
            "id": "8373096841528747993",
            "triggers": null
          },
          "private": "bnVsbA=="
        }
      ]
    },
    {
      "mode": "managed",
      "type": "null_resource",
      "name": "kubeconfig",
      "provider": "provider[\"registry.terraform.io/hashicorp/null\"]",
      "instances": [
        {
          "schema_version": 0,
          "attributes": {
            "id": "5034405610610758877",
            "triggers": null
          },
          "private": "bnVsbA==",
          "dependencies": [
            "google_container_cluster.primary",
            "google_project.main",
            "google_project_service.container",
            "random_string.main"
          ]
        }
      ]
    },
    {
      "mode": "managed",
      "type": "random_string",
      "name": "main",
      "provider": "provider[\"registry.terraform.io/hashicorp/random\"]",
      "instances": [
        {
          "schema_version": 1,
          "attributes": {
            "id": "h6448mfefd4cyxqh",
            "keepers": null,
            "length": 16,
            "lower": true,
            "min_lower": 0,
            "min_numeric": 0,
            "min_special": 0,
            "min_upper": 0,
            "number": true,
            "override_special": null,
            "result": "h6448mfefd4cyxqh",
            "special": false,
            "upper": false
          },
          "private": "eyJzY2hlbWFfdmVyc2lvbiI6IjEifQ=="
        }
      ]
    }
  ]
}
